{
  "name": "linkedin-bot",
  "version": "1.0.0",
  "lockfileVersion": 2,
  "requires": true,
  "packages": {
    "": {
      "name": "linkedin-bot",
      "version": "1.0.0",
      "license": "ISC",
      "dependencies": {
        "linkedin-private-api": "^1.1.2"
      }
    },
    "node_modules/axios": {
      "version": "0.21.4",
      "resolved": "https://registry.npmjs.org/axios/-/axios-0.21.4.tgz",
      "integrity": "sha512-ut5vewkiu8jjGBdqpM44XxjuCjq9LAKeHVmoVfHVzy8eHgxxq8SbAVQNovDA8mVi05kP0Ea/n/UzcSHcTJQfNg==",
      "dependencies": {
        "follow-redirects": "^1.14.0"
      }
    },
    "node_modules/cookie": {
      "version": "0.5.0",
      "resolved": "https://registry.npmjs.org/cookie/-/cookie-0.5.0.tgz",
      "integrity": "sha512-YZ3GUyn/o8gfKJlnlX7g7xq4gyO6OSuhGPKaaGssGB2qgDUS0gPgtTvoyZLTt9Ab6dC4hfc9dV5arkvc/OCmrw==",
      "engines": {
        "node": ">= 0.6"
      }
    },
    "node_modules/follow-redirects": {
      "version": "1.15.1",
      "resolved": "https://registry.npmjs.org/follow-redirects/-/follow-redirects-1.15.1.tgz",
      "integrity": "sha512-yLAMQs+k0b2m7cVxpS1VKJVvoz7SS9Td1zss3XRwXj+ZDH00RJgnuLx7E44wx02kQLrdM3aOOy+FpzS7+8OizA==",
      "funding": [
        {
          "type": "individual",
          "url": "https://github.com/sponsors/RubenVerborgh"
        }
      ],
      "engines": {
        "node": ">=4.0"
      },
      "peerDependenciesMeta": {
        "debug": {
          "optional": true
        }
      }
    },
    "node_modules/fs": {
      "version": "0.0.1-security",
      "resolved": "https://registry.npmjs.org/fs/-/fs-0.0.1-security.tgz",
      "integrity": "sha512-3XY9e1pP0CVEUCdj5BmfIZxRBTSDycnbqhIOGec9QYtmVH2fbLpj86CFWkrNOkt/Fvty4KZG5lTglL9j/gJ87w=="
    },
    "node_modules/linkedin-private-api": {
      "version": "1.1.2",
      "resolved": "https://registry.npmjs.org/linkedin-private-api/-/linkedin-private-api-1.1.2.tgz",
      "integrity": "sha512-6X8yQWTGbdwyoB680huddlIO0RxIvMVs5F4XD0ai2Ln5HlO2MhCOhFCyjCMgL7OjEoDt5PekoBciIC6KmmETmw==",
      "dependencies": {
        "axios": "^0.21.0",
        "cookie": "^0.5.0",
        "fs": "^0.0.1-security",
        "lodash": "^4.17.15",
        "querystring": "^0.2.0",
        "url": "^0.11.0"
      },
      "engines": {
        "node": ">=14.0.0"
      }
    },
    "node_modules/lodash": {
      "version": "4.17.21",
      "resolved": "https://registry.npmjs.org/lodash/-/lodash-4.17.21.tgz",
      "integrity": "sha512-v2kDEe57lecTulaDIuNTPy3Ry4gLGJ6Z1O3vE1krgXZNrsQ+LFTGHVxVjcXPs17LhbZVGedAJv8XZ1tvj5FvSg=="
    },
    "node_modules/punycode": {
      "version": "1.3.2",
      "resolved": "https://registry.npmjs.org/punycode/-/punycode-1.3.2.tgz",
      "integrity": "sha512-RofWgt/7fL5wP1Y7fxE7/EmTLzQVnB0ycyibJ0OOHIlJqTNzglYFxVwETOcIoJqJmpDXJ9xImDv+Fq34F/d4Dw=="
    },
    "node_modules/querystring": {
      "version": "0.2.1",
      "resolved": "https://registry.npmjs.org/querystring/-/querystring-0.2.1.tgz",
      "integrity": "sha512-wkvS7mL/JMugcup3/rMitHmd9ecIGd2lhFhK9N3UUQ450h66d1r3Y9nvXzQAW1Lq+wyx61k/1pfKS5KuKiyEbg==",
      "deprecated": "The querystring API is considered Legacy. new code should use the URLSearchParams API instead.",
      "engines": {
        "node": ">=0.4.x"
      }
    },
    "node_modules/url": {
      "version": "0.11.0",
      "resolved": "https://registry.npmjs.org/url/-/url-0.11.0.tgz",
      "integrity": "sha512-kbailJa29QrtXnxgq+DdCEGlbTeYM2eJUxsz6vjZavrCYPMIFHMKQmSKYAIuUK2i7hgPm28a8piX5NTUtM/LKQ==",
      "dependencies": {
        "punycode": "1.3.2",
        "querystring": "0.2.0"
      }
    },
    "node_modules/url/node_modules/querystring": {
      "version": "0.2.0",
      "resolved": "https://registry.npmjs.org/querystring/-/querystring-0.2.0.tgz",
      "integrity": "sha512-X/xY82scca2tau62i9mDyU9K+I+djTMUsvwf7xnUX5GLvVzgJybOJf4Y6o9Zx3oJK/LSXg5tTZBjwzqVPaPO2g==",
      "deprecated": "The querystring API is considered Legacy. new code should use the URLSearchParams API instead.",
      "engines": {
        "node": ">=0.4.x"
      }
    }
  },
  "dependencies": {
    "axios": {
      "version": "0.21.4",
      "resolved": "https://registry.npmjs.org/axios/-/axios-0.21.4.tgz",
      "integrity": "sha512-ut5vewkiu8jjGBdqpM44XxjuCjq9LAKeHVmoVfHVzy8eHgxxq8SbAVQNovDA8mVi05kP0Ea/n/UzcSHcTJQfNg==",
      "requires": {
        "follow-redirects": "^1.14.0"
      }
    },
    "cookie": {
      "version": "0.5.0",
      "resolved": "https://registry.npmjs.org/cookie/-/cookie-0.5.0.tgz",
      "integrity": "sha512-YZ3GUyn/o8gfKJlnlX7g7xq4gyO6OSuhGPKaaGssGB2qgDUS0gPgtTvoyZLTt9Ab6dC4hfc9dV5arkvc/OCmrw=="
    },
    "follow-redirects": {
      "version": "1.15.1",
      "resolved": "https://registry.npmjs.org/follow-redirects/-/follow-redirects-1.15.1.tgz",
      "integrity": "sha512-yLAMQs+k0b2m7cVxpS1VKJVvoz7SS9Td1zss3XRwXj+ZDH00RJgnuLx7E44wx02kQLrdM3aOOy+FpzS7+8OizA=="
    },
    "fs": {
      "version": "0.0.1-security",
      "resolved": "https://registry.npmjs.org/fs/-/fs-0.0.1-security.tgz",
      "integrity": "sha512-3XY9e1pP0CVEUCdj5BmfIZxRBTSDycnbqhIOGec9QYtmVH2fbLpj86CFWkrNOkt/Fvty4KZG5lTglL9j/gJ87w=="
    },
    "linkedin-private-api": {
      "version": "1.1.2",
      "resolved": "https://registry.npmjs.org/linkedin-private-api/-/linkedin-private-api-1.1.2.tgz",
      "integrity": "sha512-6X8yQWTGbdwyoB680huddlIO0RxIvMVs5F4XD0ai2Ln5HlO2MhCOhFCyjCMgL7OjEoDt5PekoBciIC6KmmETmw==",
      "requires": {
        "axios": "^0.21.0",
        "cookie": "^0.5.0",
        "fs": "^0.0.1-security",
        "lodash": "^4.17.15",
        "querystring": "^0.2.0",
        "url": "^0.11.0"
      }
    },
    "lodash": {
      "version": "4.17.21",
      "resolved": "https://registry.npmjs.org/lodash/-/lodash-4.17.21.tgz",
      "integrity": "sha512-v2kDEe57lecTulaDIuNTPy3Ry4gLGJ6Z1O3vE1krgXZNrsQ+LFTGHVxVjcXPs17LhbZVGedAJv8XZ1tvj5FvSg=="
    },
    "punycode": {
      "version": "1.3.2",
      "resolved": "https://registry.npmjs.org/punycode/-/punycode-1.3.2.tgz",
      "integrity": "sha512-RofWgt/7fL5wP1Y7fxE7/EmTLzQVnB0ycyibJ0OOHIlJqTNzglYFxVwETOcIoJqJmpDXJ9xImDv+Fq34F/d4Dw=="
    },
    "querystring": {
      "version": "0.2.1",
      "resolved": "https://registry.npmjs.org/querystring/-/querystring-0.2.1.tgz",
      "integrity": "sha512-wkvS7mL/JMugcup3/rMitHmd9ecIGd2lhFhK9N3UUQ450h66d1r3Y9nvXzQAW1Lq+wyx61k/1pfKS5KuKiyEbg=="
    },
    "url": {
      "version": "0.11.0",
      "resolved": "https://registry.npmjs.org/url/-/url-0.11.0.tgz",
      "integrity": "sha512-kbailJa29QrtXnxgq+DdCEGlbTeYM2eJUxsz6vjZavrCYPMIFHMKQmSKYAIuUK2i7hgPm28a8piX5NTUtM/LKQ==",
      "requires": {
        "punycode": "1.3.2",
        "querystring": "0.2.0"
      },
      "dependencies": {
        "querystring": {
          "version": "0.2.0",
          "resolved": "https://registry.npmjs.org/querystring/-/querystring-0.2.0.tgz",
          "integrity": "sha512-X/xY82scca2tau62i9mDyU9K+I+djTMUsvwf7xnUX5GLvVzgJybOJf4Y6o9Zx3oJK/LSXg5tTZBjwzqVPaPO2g=="
        }
      }
    }
  }
}
